
Microsoft Visual Studio Solution File, Format Version 12.00
# Visual Studio Version 17
VisualStudioVersion = 17.12.35527.113 d17.12
MinimumVisualStudioVersion = 10.0.40219.1
Project("{FAE04EC0-301F-11D3-BF4B-00C04F79EFBC}") = "CBTSWE2_TP01", "CBTSWE2_TP01\CBTSWE2_TP01.csproj", "{B8F41381-6282-4F56-A62A-CB1257F5811F}"
EndProject
Global
	GlobalSection(SolutionConfigurationPlatforms) = preSolution
		Debug|Any CPU = Debug|Any CPU
		Release|Any CPU = Release|Any CPU
	EndGlobalSection
	GlobalSection(ProjectConfigurationPlatforms) = postSolution
		{B8F41381-6282-4F56-A62A-CB1257F5811F}.Debug|Any CPU.ActiveCfg = Debug|Any CPU
		{B8F41381-6282-4F56-A62A-CB1257F5811F}.Debug|Any CPU.Build.0 = Debug|Any CPU
		{B8F41381-6282-4F56-A62A-CB1257F5811F}.Release|Any CPU.ActiveCfg = Release|Any CPU
		{B8F41381-6282-4F56-A62A-CB1257F5811F}.Release|Any CPU.Build.0 = Release|Any CPU
	EndGlobalSection
	GlobalSection(SolutionProperties) = preSolution
		HideSolutionNode = FALSE
	EndGlobalSection
EndGlobal
